
Microsoft Visual Studio Solution File, Format Version 12.00
# Visual Studio Version 17
VisualStudioVersion = 17.9.34622.214
MinimumVisualStudioVersion = 10.0.40219.1
Project("{FAE04EC0-301F-11D3-BF4B-00C04F79EFBC}") = "Biblioteca_ENT", "Biblioteca_ENT\Biblioteca_ENT.csproj", "{DC5E1427-9243-4375-97A1-3FB659BC2148}"
EndProject
Project("{FAE04EC0-301F-11D3-BF4B-00C04F79EFBC}") = "Biblioteca_BLL", "Biblioteca_BLL\Biblioteca_BLL.csproj", "{B5116ED4-CD50-4AFD-ADB0-82A2DC2999A1}"
EndProject
Project("{FAE04EC0-301F-11D3-BF4B-00C04F79EFBC}") = "Biblioteca_DAL", "Biblioteca_DAL\Biblioteca_DAL.csproj", "{B84318D5-D65A-49E5-9C03-FF724E7EBE12}"
EndProject
Project("{FAE04EC0-301F-11D3-BF4B-00C04F79EFBC}") = "Biblioteca_WEB", "Biblioteca_WEB\Biblioteca_WEB.csproj", "{1C635B85-2AB1-47AF-A808-BB0F88E33DFA}"
EndProject
Global
	GlobalSection(SolutionConfigurationPlatforms) = preSolution
		Debug|Any CPU = Debug|Any CPU
		Release|Any CPU = Release|Any CPU
	EndGlobalSection
	GlobalSection(ProjectConfigurationPlatforms) = postSolution
		{DC5E1427-9243-4375-97A1-3FB659BC2148}.Debug|Any CPU.ActiveCfg = Debug|Any CPU
		{DC5E1427-9243-4375-97A1-3FB659BC2148}.Debug|Any CPU.Build.0 = Debug|Any CPU
		{DC5E1427-9243-4375-97A1-3FB659BC2148}.Release|Any CPU.ActiveCfg = Release|Any CPU
		{DC5E1427-9243-4375-97A1-3FB659BC2148}.Release|Any CPU.Build.0 = Release|Any CPU
		{B5116ED4-CD50-4AFD-ADB0-82A2DC2999A1}.Debug|Any CPU.ActiveCfg = Debug|Any CPU
		{B5116ED4-CD50-4AFD-ADB0-82A2DC2999A1}.Debug|Any CPU.Build.0 = Debug|Any CPU
		{B5116ED4-CD50-4AFD-ADB0-82A2DC2999A1}.Release|Any CPU.ActiveCfg = Release|Any CPU
		{B5116ED4-CD50-4AFD-ADB0-82A2DC2999A1}.Release|Any CPU.Build.0 = Release|Any CPU
		{B84318D5-D65A-49E5-9C03-FF724E7EBE12}.Debug|Any CPU.ActiveCfg = Debug|Any CPU
		{B84318D5-D65A-49E5-9C03-FF724E7EBE12}.Debug|Any CPU.Build.0 = Debug|Any CPU
		{B84318D5-D65A-49E5-9C03-FF724E7EBE12}.Release|Any CPU.ActiveCfg = Release|Any CPU
		{B84318D5-D65A-49E5-9C03-FF724E7EBE12}.Release|Any CPU.Build.0 = Release|Any CPU
		{1C635B85-2AB1-47AF-A808-BB0F88E33DFA}.Debug|Any CPU.ActiveCfg = Debug|Any CPU
		{1C635B85-2AB1-47AF-A808-BB0F88E33DFA}.Debug|Any CPU.Build.0 = Debug|Any CPU
		{1C635B85-2AB1-47AF-A808-BB0F88E33DFA}.Release|Any CPU.ActiveCfg = Release|Any CPU
		{1C635B85-2AB1-47AF-A808-BB0F88E33DFA}.Release|Any CPU.Build.0 = Release|Any CPU
	EndGlobalSection
	GlobalSection(SolutionProperties) = preSolution
		HideSolutionNode = FALSE
	EndGlobalSection
	GlobalSection(ExtensibilityGlobals) = postSolution
		SolutionGuid = {AA9494BD-DD32-4FC3-86D0-4B61B30D9CF2}
	EndGlobalSection
EndGlobal
